
Microsoft Visual Studio Solution File, Format Version 12.00
# Visual Studio 15
VisualStudioVersion = 15.0.26124.0
MinimumVisualStudioVersion = 15.0.26124.0
Project("{9A19103F-16F7-4668-BE54-9A1E7A4F7556}") = "aspcore_async_deploy_smart_contract.AppService", "aspcore_async_deploy_smart_contract.AppService\aspcore_async_deploy_smart_contract.AppService.csproj", "{81AB60C7-91D2-44BD-80E1-04E95D11B4D8}"
EndProject
Project("{9A19103F-16F7-4668-BE54-9A1E7A4F7556}") = "aspcore_async_deploy_smart_contract.AppServiceMock", "aspcore_async_deploy_smart_contract.AppServiceMock\aspcore_async_deploy_smart_contract.AppServiceMock.csproj", "{B28E9CC3-4B3B-47DB-948C-7712C01A3987}"
EndProject
Project("{9A19103F-16F7-4668-BE54-9A1E7A4F7556}") = "aspcore_async_deploy_smart_contract.Contract", "aspcore_async_deploy_smart_contract.Contract\aspcore_async_deploy_smart_contract.Contract.csproj", "{EC944A39-E9EB-4CA6-9C6F-0B598AFBC74F}"
EndProject
Project("{9A19103F-16F7-4668-BE54-9A1E7A4F7556}") = "aspcore_async_deploy_smart_contract.Dal", "aspcore_async_deploy_smart_contract.Dal\aspcore_async_deploy_smart_contract.Dal.csproj", "{84558F40-F78E-42ED-85DE-98CFFEAC5649}"
EndProject
Project("{9A19103F-16F7-4668-BE54-9A1E7A4F7556}") = "aspcore_async_deploy_smart_contract.Startup", "aspcore_async_deploy_smart_contract.Startup\aspcore_async_deploy_smart_contract.Startup.csproj", "{852778B7-D404-4137-A9D2-DBA3778D094B}"
EndProject
Project("{9A19103F-16F7-4668-BE54-9A1E7A4F7556}") = "aspcore_async_deploy_smart_contract.WebApi", "aspcore_async_deploy_smart_contract.WebApi\aspcore_async_deploy_smart_contract.WebApi.csproj", "{38414F94-60D6-4A1F-A580-39ED21F2A3E4}"
EndProject
Project("{9A19103F-16F7-4668-BE54-9A1E7A4F7556}") = "BECInterface", "BECInterface\BECInterface.csproj", "{211F389A-B1F8-4541-8607-61D8A6A24E62}"
EndProject
Project("{9A19103F-16F7-4668-BE54-9A1E7A4F7556}") = "aspcore_bec.UnitTest", "aspcore_bec.testProject\aspcore_bec.UnitTest.csproj", "{072C6555-D7E9-4E43-A2B9-D89156926272}"
EndProject
Project("{2150E333-8FDC-42A3-9474-1A3956D46DE8}") = "test", "test", "{3D5D020C-60F4-49F7-B705-6CECB8EAE98B}"
EndProject
Project("{FAE04EC0-301F-11D3-BF4B-00C04F79EFBC}") = "aspcore_bec.IntegrationTest", "aspcore_bec.IntegrationTest\aspcore_bec.IntegrationTest.csproj", "{65AB5DB2-0511-4FC4-8563-FA9E2D50E4D7}"
EndProject
Global
	GlobalSection(SolutionConfigurationPlatforms) = preSolution
		Debug|Any CPU = Debug|Any CPU
		Debug|x64 = Debug|x64
		Debug|x86 = Debug|x86
		Release|Any CPU = Release|Any CPU
		Release|x64 = Release|x64
		Release|x86 = Release|x86
	EndGlobalSection
	GlobalSection(ProjectConfigurationPlatforms) = postSolution
		{81AB60C7-91D2-44BD-80E1-04E95D11B4D8}.Debug|Any CPU.ActiveCfg = Debug|Any CPU
		{81AB60C7-91D2-44BD-80E1-04E95D11B4D8}.Debug|Any CPU.Build.0 = Debug|Any CPU
		{81AB60C7-91D2-44BD-80E1-04E95D11B4D8}.Debug|x64.ActiveCfg = Debug|Any CPU
		{81AB60C7-91D2-44BD-80E1-04E95D11B4D8}.Debug|x64.Build.0 = Debug|Any CPU
		{81AB60C7-91D2-44BD-80E1-04E95D11B4D8}.Debug|x86.ActiveCfg = Debug|Any CPU
		{81AB60C7-91D2-44BD-80E1-04E95D11B4D8}.Debug|x86.Build.0 = Debug|Any CPU
		{81AB60C7-91D2-44BD-80E1-04E95D11B4D8}.Release|Any CPU.ActiveCfg = Release|Any CPU
		{81AB60C7-91D2-44BD-80E1-04E95D11B4D8}.Release|Any CPU.Build.0 = Release|Any CPU
		{81AB60C7-91D2-44BD-80E1-04E95D11B4D8}.Release|x64.ActiveCfg = Release|Any CPU
		{81AB60C7-91D2-44BD-80E1-04E95D11B4D8}.Release|x64.Build.0 = Release|Any CPU
		{81AB60C7-91D2-44BD-80E1-04E95D11B4D8}.Release|x86.ActiveCfg = Release|Any CPU
		{81AB60C7-91D2-44BD-80E1-04E95D11B4D8}.Release|x86.Build.0 = Release|Any CPU
		{B28E9CC3-4B3B-47DB-948C-7712C01A3987}.Debug|Any CPU.ActiveCfg = Debug|Any CPU
		{B28E9CC3-4B3B-47DB-948C-7712C01A3987}.Debug|Any CPU.Build.0 = Debug|Any CPU
		{B28E9CC3-4B3B-47DB-948C-7712C01A3987}.Debug|x64.ActiveCfg = Debug|Any CPU
		{B28E9CC3-4B3B-47DB-948C-7712C01A3987}.Debug|x64.Build.0 = Debug|Any CPU
		{B28E9CC3-4B3B-47DB-948C-7712C01A3987}.Debug|x86.ActiveCfg = Debug|Any CPU
		{B28E9CC3-4B3B-47DB-948C-7712C01A3987}.Debug|x86.Build.0 = Debug|Any CPU
		{B28E9CC3-4B3B-47DB-948C-7712C01A3987}.Release|Any CPU.ActiveCfg = Release|Any CPU
		{B28E9CC3-4B3B-47DB-948C-7712C01A3987}.Release|Any CPU.Build.0 = Release|Any CPU
		{B28E9CC3-4B3B-47DB-948C-7712C01A3987}.Release|x64.ActiveCfg = Release|Any CPU
		{B28E9CC3-4B3B-47DB-948C-7712C01A3987}.Release|x64.Build.0 = Release|Any CPU
		{B28E9CC3-4B3B-47DB-948C-7712C01A3987}.Release|x86.ActiveCfg = Release|Any CPU
		{B28E9CC3-4B3B-47DB-948C-7712C01A3987}.Release|x86.Build.0 = Release|Any CPU
		{EC944A39-E9EB-4CA6-9C6F-0B598AFBC74F}.Debug|Any CPU.ActiveCfg = Debug|Any CPU
		{EC944A39-E9EB-4CA6-9C6F-0B598AFBC74F}.Debug|Any CPU.Build.0 = Debug|Any CPU
		{EC944A39-E9EB-4CA6-9C6F-0B598AFBC74F}.Debug|x64.ActiveCfg = Debug|Any CPU
		{EC944A39-E9EB-4CA6-9C6F-0B598AFBC74F}.Debug|x64.Build.0 = Debug|Any CPU
		{EC944A39-E9EB-4CA6-9C6F-0B598AFBC74F}.Debug|x86.ActiveCfg = Debug|Any CPU
		{EC944A39-E9EB-4CA6-9C6F-0B598AFBC74F}.Debug|x86.Build.0 = Debug|Any CPU
		{EC944A39-E9EB-4CA6-9C6F-0B598AFBC74F}.Release|Any CPU.ActiveCfg = Release|Any CPU
		{EC944A39-E9EB-4CA6-9C6F-0B598AFBC74F}.Release|Any CPU.Build.0 = Release|Any CPU
		{EC944A39-E9EB-4CA6-9C6F-0B598AFBC74F}.Release|x64.ActiveCfg = Release|Any CPU
		{EC944A39-E9EB-4CA6-9C6F-0B598AFBC74F}.Release|x64.Build.0 = Release|Any CPU
		{EC944A39-E9EB-4CA6-9C6F-0B598AFBC74F}.Release|x86.ActiveCfg = Release|Any CPU
		{EC944A39-E9EB-4CA6-9C6F-0B598AFBC74F}.Release|x86.Build.0 = Release|Any CPU
		{84558F40-F78E-42ED-85DE-98CFFEAC5649}.Debug|Any CPU.ActiveCfg = Debug|Any CPU
		{84558F40-F78E-42ED-85DE-98CFFEAC5649}.Debug|Any CPU.Build.0 = Debug|Any CPU
		{84558F40-F78E-42ED-85DE-98CFFEAC5649}.Debug|x64.ActiveCfg = Debug|Any CPU
		{84558F40-F78E-42ED-85DE-98CFFEAC5649}.Debug|x64.Build.0 = Debug|Any CPU
		{84558F40-F78E-42ED-85DE-98CFFEAC5649}.Debug|x86.ActiveCfg = Debug|Any CPU
		{84558F40-F78E-42ED-85DE-98CFFEAC5649}.Debug|x86.Build.0 = Debug|Any CPU
		{84558F40-F78E-42ED-85DE-98CFFEAC5649}.Release|Any CPU.ActiveCfg = Release|Any CPU
		{84558F40-F78E-42ED-85DE-98CFFEAC5649}.Release|Any CPU.Build.0 = Release|Any CPU
		{84558F40-F78E-42ED-85DE-98CFFEAC5649}.Release|x64.ActiveCfg = Release|Any CPU
		{84558F40-F78E-42ED-85DE-98CFFEAC5649}.Release|x64.Build.0 = Release|Any CPU
		{84558F40-F78E-42ED-85DE-98CFFEAC5649}.Release|x86.ActiveCfg = Release|Any CPU
		{84558F40-F78E-42ED-85DE-98CFFEAC5649}.Release|x86.Build.0 = Release|Any CPU
		{852778B7-D404-4137-A9D2-DBA3778D094B}.Debug|Any CPU.ActiveCfg = Debug|Any CPU
		{852778B7-D404-4137-A9D2-DBA3778D094B}.Debug|Any CPU.Build.0 = Debug|Any CPU
		{852778B7-D404-4137-A9D2-DBA3778D094B}.Debug|x64.ActiveCfg = Debug|Any CPU
		{852778B7-D404-4137-A9D2-DBA3778D094B}.Debug|x64.Build.0 = Debug|Any CPU
		{852778B7-D404-4137-A9D2-DBA3778D094B}.Debug|x86.ActiveCfg = Debug|Any CPU
		{852778B7-D404-4137-A9D2-DBA3778D094B}.Debug|x86.Build.0 = Debug|Any CPU
		{852778B7-D404-4137-A9D2-DBA3778D094B}.Release|Any CPU.ActiveCfg = Release|Any CPU
		{852778B7-D404-4137-A9D2-DBA3778D094B}.Release|Any CPU.Build.0 = Release|Any CPU
		{852778B7-D404-4137-A9D2-DBA3778D094B}.Release|x64.ActiveCfg = Release|Any CPU
		{852778B7-D404-4137-A9D2-DBA3778D094B}.Release|x64.Build.0 = Release|Any CPU
		{852778B7-D404-4137-A9D2-DBA3778D094B}.Release|x86.ActiveCfg = Release|Any CPU
		{852778B7-D404-4137-A9D2-DBA3778D094B}.Release|x86.Build.0 = Release|Any CPU
		{38414F94-60D6-4A1F-A580-39ED21F2A3E4}.Debug|Any CPU.ActiveCfg = Debug|Any CPU
		{38414F94-60D6-4A1F-A580-39ED21F2A3E4}.Debug|Any CPU.Build.0 = Debug|Any CPU
		{38414F94-60D6-4A1F-A580-39ED21F2A3E4}.Debug|x64.ActiveCfg = Debug|Any CPU
		{38414F94-60D6-4A1F-A580-39ED21F2A3E4}.Debug|x64.Build.0 = Debug|Any CPU
		{38414F94-60D6-4A1F-A580-39ED21F2A3E4}.Debug|x86.ActiveCfg = Debug|Any CPU
		{38414F94-60D6-4A1F-A580-39ED21F2A3E4}.Debug|x86.Build.0 = Debug|Any CPU
		{38414F94-60D6-4A1F-A580-39ED21F2A3E4}.Release|Any CPU.ActiveCfg = Release|Any CPU
		{38414F94-60D6-4A1F-A580-39ED21F2A3E4}.Release|Any CPU.Build.0 = Release|Any CPU
		{38414F94-60D6-4A1F-A580-39ED21F2A3E4}.Release|x64.ActiveCfg = Release|Any CPU
		{38414F94-60D6-4A1F-A580-39ED21F2A3E4}.Release|x64.Build.0 = Release|Any CPU
		{38414F94-60D6-4A1F-A580-39ED21F2A3E4}.Release|x86.ActiveCfg = Release|Any CPU
		{38414F94-60D6-4A1F-A580-39ED21F2A3E4}.Release|x86.Build.0 = Release|Any CPU
		{211F389A-B1F8-4541-8607-61D8A6A24E62}.Debug|Any CPU.ActiveCfg = Debug|Any CPU
		{211F389A-B1F8-4541-8607-61D8A6A24E62}.Debug|Any CPU.Build.0 = Debug|Any CPU
		{211F389A-B1F8-4541-8607-61D8A6A24E62}.Debug|x64.ActiveCfg = Debug|Any CPU
		{211F389A-B1F8-4541-8607-61D8A6A24E62}.Debug|x64.Build.0 = Debug|Any CPU
		{211F389A-B1F8-4541-8607-61D8A6A24E62}.Debug|x86.ActiveCfg = Debug|Any CPU
		{211F389A-B1F8-4541-8607-61D8A6A24E62}.Debug|x86.Build.0 = Debug|Any CPU
		{211F389A-B1F8-4541-8607-61D8A6A24E62}.Release|Any CPU.ActiveCfg = Release|Any CPU
		{211F389A-B1F8-4541-8607-61D8A6A24E62}.Release|Any CPU.Build.0 = Release|Any CPU
		{211F389A-B1F8-4541-8607-61D8A6A24E62}.Release|x64.ActiveCfg = Release|Any CPU
		{211F389A-B1F8-4541-8607-61D8A6A24E62}.Release|x64.Build.0 = Release|Any CPU
		{211F389A-B1F8-4541-8607-61D8A6A24E62}.Release|x86.ActiveCfg = Release|Any CPU
		{211F389A-B1F8-4541-8607-61D8A6A24E62}.Release|x86.Build.0 = Release|Any CPU
		{072C6555-D7E9-4E43-A2B9-D89156926272}.Debug|Any CPU.ActiveCfg = Debug|Any CPU
		{072C6555-D7E9-4E43-A2B9-D89156926272}.Debug|Any CPU.Build.0 = Debug|Any CPU
		{072C6555-D7E9-4E43-A2B9-D89156926272}.Debug|x64.ActiveCfg = Debug|Any CPU
		{072C6555-D7E9-4E43-A2B9-D89156926272}.Debug|x64.Build.0 = Debug|Any CPU
		{072C6555-D7E9-4E43-A2B9-D89156926272}.Debug|x86.ActiveCfg = Debug|Any CPU
		{072C6555-D7E9-4E43-A2B9-D89156926272}.Debug|x86.Build.0 = Debug|Any CPU
		{072C6555-D7E9-4E43-A2B9-D89156926272}.Release|Any CPU.ActiveCfg = Release|Any CPU
		{072C6555-D7E9-4E43-A2B9-D89156926272}.Release|Any CPU.Build.0 = Release|Any CPU
		{072C6555-D7E9-4E43-A2B9-D89156926272}.Release|x64.ActiveCfg = Release|Any CPU
		{072C6555-D7E9-4E43-A2B9-D89156926272}.Release|x64.Build.0 = Release|Any CPU
		{072C6555-D7E9-4E43-A2B9-D89156926272}.Release|x86.ActiveCfg = Release|Any CPU
		{072C6555-D7E9-4E43-A2B9-D89156926272}.Release|x86.Build.0 = Release|Any CPU
		{65AB5DB2-0511-4FC4-8563-FA9E2D50E4D7}.Debug|Any CPU.ActiveCfg = Debug|Any CPU
		{65AB5DB2-0511-4FC4-8563-FA9E2D50E4D7}.Debug|Any CPU.Build.0 = Debug|Any CPU
		{65AB5DB2-0511-4FC4-8563-FA9E2D50E4D7}.Debug|x64.ActiveCfg = Debug|Any CPU
		{65AB5DB2-0511-4FC4-8563-FA9E2D50E4D7}.Debug|x64.Build.0 = Debug|Any CPU
		{65AB5DB2-0511-4FC4-8563-FA9E2D50E4D7}.Debug|x86.ActiveCfg = Debug|Any CPU
		{65AB5DB2-0511-4FC4-8563-FA9E2D50E4D7}.Debug|x86.Build.0 = Debug|Any CPU
		{65AB5DB2-0511-4FC4-8563-FA9E2D50E4D7}.Release|Any CPU.ActiveCfg = Release|Any CPU
		{65AB5DB2-0511-4FC4-8563-FA9E2D50E4D7}.Release|Any CPU.Build.0 = Release|Any CPU
		{65AB5DB2-0511-4FC4-8563-FA9E2D50E4D7}.Release|x64.ActiveCfg = Release|Any CPU
		{65AB5DB2-0511-4FC4-8563-FA9E2D50E4D7}.Release|x64.Build.0 = Release|Any CPU
		{65AB5DB2-0511-4FC4-8563-FA9E2D50E4D7}.Release|x86.ActiveCfg = Release|Any CPU
		{65AB5DB2-0511-4FC4-8563-FA9E2D50E4D7}.Release|x86.Build.0 = Release|Any CPU
	EndGlobalSection
	GlobalSection(SolutionProperties) = preSolution
		HideSolutionNode = FALSE
	EndGlobalSection
	GlobalSection(NestedProjects) = preSolution
		{072C6555-D7E9-4E43-A2B9-D89156926272} = {3D5D020C-60F4-49F7-B705-6CECB8EAE98B}
		{65AB5DB2-0511-4FC4-8563-FA9E2D50E4D7} = {3D5D020C-60F4-49F7-B705-6CECB8EAE98B}
	EndGlobalSection
	GlobalSection(ExtensibilityGlobals) = postSolution
		SolutionGuid = {AC32F8A0-8DC0-4C82-8B7B-328EC142FE5B}
	EndGlobalSection
EndGlobal
